
Microsoft Visual Studio Solution File, Format Version 12.00
# Visual Studio 15
Project("{FAE04EC0-301F-11D3-BF4B-00C04F79EFBC}") = "Assembly-CSharp", "Assembly-CSharp.csproj", "{C30E0CEB-EA65-8C71-445E-CD5821E0BAAD}"
EndProject
Global
	GlobalSection(SolutionConfigurationPlatforms) = preSolution
		Debug|Any CPU = Debug|Any CPU
		Release|Any CPU = Release|Any CPU
	EndGlobalSection
	GlobalSection(ProjectConfigurationPlatforms) = postSolution
		{C30E0CEB-EA65-8C71-445E-CD5821E0BAAD}.Debug|Any CPU.ActiveCfg = Debug|Any CPU
		{C30E0CEB-EA65-8C71-445E-CD5821E0BAAD}.Debug|Any CPU.Build.0 = Debug|Any CPU
		{C30E0CEB-EA65-8C71-445E-CD5821E0BAAD}.Release|Any CPU.ActiveCfg = Release|Any CPU
		{C30E0CEB-EA65-8C71-445E-CD5821E0BAAD}.Release|Any CPU.Build.0 = Release|Any CPU
	EndGlobalSection
	GlobalSection(SolutionProperties) = preSolution
		HideSolutionNode = FALSE
	EndGlobalSection
EndGlobal
